{
    "name": "fortnite-serverreplay-downloader",
    "version": "1.0.3",
    "lockfileVersion": 3,
    "requires": true,
    "packages": {
        "": {
            "name": "fortnite-serverreplay-downloader",
            "version": "1.0.3",
            "license": "MIT",
            "dependencies": {
                "needle": "^2.9.1",
                "p-limit": "^7.3.0"
            },
            "bin": {
                "fortnite-serverreplay-downloader": "cli.js"
            }
        },
        "node_modules/debug": {
            "version": "3.2.7",
            "resolved": "https://registry.npmjs.org/debug/-/debug-3.2.7.tgz",
            "integrity": "sha512-CFjzYYAi4ThfiQvizrFQevTTXHtnCqWfe7x1AhgEscTz6ZbLbfoLRLPugTQyBth6f8ZERVUSyWHFD/7Wu4t1XQ==",
            "dependencies": {
                "ms": "^2.1.1"
            }
        },
        "node_modules/iconv-lite": {
            "version": "0.4.24",
            "resolved": "https://registry.npmjs.org/iconv-lite/-/iconv-lite-0.4.24.tgz",
            "integrity": "sha512-v3MXnZAcvnywkTUEZomIActle7RXXeedOR31wwl7VlyoXO4Qi9arvSenNQWne1TcRwhCL1HwLI21bEqdpj8/rA==",
            "dependencies": {
                "safer-buffer": ">= 2.1.2 < 3"
            },
            "engines": {
                "node": ">=0.10.0"
            }
        },
        "node_modules/ms": {
            "version": "2.1.3",
            "resolved": "https://registry.npmjs.org/ms/-/ms-2.1.3.tgz",
            "integrity": "sha512-6FlzubTLZG3J2a/NVCAleEhjzq5oxgHyaCU9yYXvcLsvoVaHJq/s5xXI6/XXP6tz7R9xAOtHnSO/tXtF3WRTlA=="
        },
        "node_modules/needle": {
            "version": "2.9.1",
            "resolved": "https://registry.npmjs.org/needle/-/needle-2.9.1.tgz",
            "integrity": "sha512-6R9fqJ5Zcmf+uYaFgdIHmLwNldn5HbK8L5ybn7Uz+ylX/rnOsSp1AHcvQSrCaFN+qNM1wpymHqD7mVasEOlHGQ==",
            "dependencies": {
                "debug": "^3.2.6",
                "iconv-lite": "^0.4.4",
                "sax": "^1.2.4"
            },
            "bin": {
                "needle": "bin/needle"
            },
            "engines": {
                "node": ">= 4.4.x"
            }
        },
        "node_modules/p-limit": {
            "version": "7.3.0",
            "resolved": "https://registry.npmjs.org/p-limit/-/p-limit-7.3.0.tgz",
            "integrity": "sha512-7cIXg/Z0M5WZRblrsOla88S4wAK+zOQQWeBYfV3qJuJXMr+LnbYjaadrFaS0JILfEDPVqHyKnZ1Z/1d6J9VVUw==",
            "dependencies": {
                "yocto-queue": "^1.2.1"
            },
            "engines": {
                "node": ">=20"
            },
            "funding": {
                "url": "https://github.com/sponsors/sindresorhus"
            }
        },
        "node_modules/safer-buffer": {
            "version": "2.1.2",
            "resolved": "https://registry.npmjs.org/safer-buffer/-/safer-buffer-2.1.2.tgz",
            "integrity": "sha512-YZo3K82SD7Riyi0E1EQPojLz7kpepnSQI9IyPbHHg1XXXevb5dJI7tpyN2ADxGcQbHG7vcyRHk0cbwqcQriUtg=="
        },
        "node_modules/sax": {
            "version": "1.4.4",
            "resolved": "https://registry.npmjs.org/sax/-/sax-1.4.4.tgz",
            "integrity": "sha512-1n3r/tGXO6b6VXMdFT54SHzT9ytu9yr7TaELowdYpMqY/Ao7EnlQGmAQ1+RatX7Tkkdm6hONI2owqNx2aZj5Sw==",
            "engines": {
                "node": ">=11.0.0"
            }
        },
        "node_modules/yocto-queue": {
            "version": "1.2.2",
            "resolved": "https://registry.npmjs.org/yocto-queue/-/yocto-queue-1.2.2.tgz",
            "integrity": "sha512-4LCcse/U2MHZ63HAJVE+v71o7yOdIe4cZ70Wpf8D/IyjDKYQLV5GD46B+hSTjJsvV5PztjvHoU580EftxjDZFQ==",
            "engines": {
                "node": ">=12.20"
            },
            "funding": {
                "url": "https://github.com/sponsors/sindresorhus"
            }
        }
    }
}
